// !$*UTF8*$!
{
	archiveVersion = 1;
	classes = {
	};
	objectVersion = 77;
	objects = {

/* Begin PBXBuildFile section */
		800C82372CE87182000FD12C /* WidgetKit.framework in Frameworks */ = {isa = PBXBuildFile; fileRef = 80C800222CE7BC7200CDC57E /* WidgetKit.framework */; };
		800C82382CE87182000FD12C /* SwiftUI.framework in Frameworks */ = {isa = PBXBuildFile; fileRef = 80C800242CE7BC7200CDC57E /* SwiftUI.framework */; };
		800C82462CE87184000FD12C /* SalahTimesExtension.appex in Embed Foundation Extensions */ = {isa = PBXBuildFile; fileRef = 800C82362CE87182000FD12C /* SalahTimesExtension.appex */; settings = {ATTRIBUTES = (RemoveHeadersOnCopy, ); }; };
		80E665182CE91C5700B65FB9 /* Adhan in Frameworks */ = {isa = PBXBuildFile; productRef = 80E665172CE91C5700B65FB9 /* Adhan */; };
		80E6651A2CE91C6500B65FB9 /* Adhan in Frameworks */ = {isa = PBXBuildFile; productRef = 80E665192CE91C6500B65FB9 /* Adhan */; };
/* End PBXBuildFile section */

/* Begin PBXContainerItemProxy section */
		800C82442CE87184000FD12C /* PBXContainerItemProxy */ = {
			isa = PBXContainerItemProxy;
			containerPortal = 80C8FFE62CE7BC4500CDC57E /* Project object */;
			proxyType = 1;
			remoteGlobalIDString = 800C82352CE87182000FD12C;
			remoteInfo = SalahTimesExtension;
		};
/* End PBXContainerItemProxy section */

/* Begin PBXCopyFilesBuildPhase section */
		80C800382CE7BC7400CDC57E /* Embed Foundation Extensions */ = {
			isa = PBXCopyFilesBuildPhase;
			buildActionMask = 8;
			dstPath = "";
			dstSubfolderSpec = 13;
			files = (
				800C82462CE87184000FD12C /* SalahTimesExtension.appex in Embed Foundation Extensions */,
			);
			name = "Embed Foundation Extensions";
			runOnlyForDeploymentPostprocessing = 1;
		};
/* End PBXCopyFilesBuildPhase section */

/* Begin PBXFileReference section */
		800C82362CE87182000FD12C /* SalahTimesExtension.appex */ = {isa = PBXFileReference; explicitFileType = "wrapper.app-extension"; includeInIndex = 0; path = SalahTimesExtension.appex; sourceTree = BUILT_PRODUCTS_DIR; };
		80C800222CE7BC7200CDC57E /* WidgetKit.framework */ = {isa = PBXFileReference; lastKnownFileType = wrapper.framework; name = WidgetKit.framework; path = System/Library/Frameworks/WidgetKit.framework; sourceTree = SDKROOT; };
		80C800242CE7BC7200CDC57E /* SwiftUI.framework */ = {isa = PBXFileReference; lastKnownFileType = wrapper.framework; name = SwiftUI.framework; path = System/Library/Frameworks/SwiftUI.framework; sourceTree = SDKROOT; };
		80C8FFEE2CE7BC4500CDC57E /* prayertime.app */ = {isa = PBXFileReference; explicitFileType = wrapper.application; includeInIndex = 0; path = prayertime.app; sourceTree = BUILT_PRODUCTS_DIR; };
/* End PBXFileReference section */

/* Begin PBXFileSystemSynchronizedBuildFileExceptionSet section */
		800C82472CE87184000FD12C /* Exceptions for "SalahTimes" folder in "SalahTimesExtension" target */ = {
			isa = PBXFileSystemSynchronizedBuildFileExceptionSet;
			membershipExceptions = (
				Info.plist,
			);
			target = 800C82352CE87182000FD12C /* SalahTimesExtension */;
		};
/* End PBXFileSystemSynchronizedBuildFileExceptionSet section */

/* Begin PBXFileSystemSynchronizedRootGroup section */
		800C82392CE87182000FD12C /* SalahTimes */ = {
			isa = PBXFileSystemSynchronizedRootGroup;
			exceptions = (
				800C82472CE87184000FD12C /* Exceptions for "SalahTimes" folder in "SalahTimesExtension" target */,
			);
			path = SalahTimes;
			sourceTree = "<group>";
		};
		80C8FFF02CE7BC4500CDC57E /* prayertime */ = {
			isa = PBXFileSystemSynchronizedRootGroup;
			path = prayertime;
			sourceTree = "<group>";
		};
/* End PBXFileSystemSynchronizedRootGroup section */

/* Begin PBXFrameworksBuildPhase section */
		800C82332CE87182000FD12C /* Frameworks */ = {
			isa = PBXFrameworksBuildPhase;
			buildActionMask = 2147483647;
			files = (
				80E665182CE91C5700B65FB9 /* Adhan in Frameworks */,
				800C82382CE87182000FD12C /* SwiftUI.framework in Frameworks */,
				800C82372CE87182000FD12C /* WidgetKit.framework in Frameworks */,
			);
			runOnlyForDeploymentPostprocessing = 0;
		};
		80C8FFEB2CE7BC4500CDC57E /* Frameworks */ = {
			isa = PBXFrameworksBuildPhase;
			buildActionMask = 2147483647;
			files = (
				80E6651A2CE91C6500B65FB9 /* Adhan in Frameworks */,
			);
			runOnlyForDeploymentPostprocessing = 0;
		};
/* End PBXFrameworksBuildPhase section */

/* Begin PBXGroup section */
		80C800212CE7BC7200CDC57E /* Frameworks */ = {
			isa = PBXGroup;
			children = (
				80C800222CE7BC7200CDC57E /* WidgetKit.framework */,
				80C800242CE7BC7200CDC57E /* SwiftUI.framework */,
			);
			name = Frameworks;
			sourceTree = "<group>";
		};
		80C8FFE52CE7BC4500CDC57E = {
			isa = PBXGroup;
			children = (
				80C8FFF02CE7BC4500CDC57E /* prayertime */,
				800C82392CE87182000FD12C /* SalahTimes */,
				80C800212CE7BC7200CDC57E /* Frameworks */,
				80C8FFEF2CE7BC4500CDC57E /* Products */,
			);
			sourceTree = "<group>";
		};
		80C8FFEF2CE7BC4500CDC57E /* Products */ = {
			isa = PBXGroup;
			children = (
				80C8FFEE2CE7BC4500CDC57E /* prayertime.app */,
				800C82362CE87182000FD12C /* SalahTimesExtension.appex */,
			);
			name = Products;
			sourceTree = "<group>";
		};
/* End PBXGroup section */

/* Begin PBXNativeTarget section */
		800C82352CE87182000FD12C /* SalahTimesExtension */ = {
			isa = PBXNativeTarget;
			buildConfigurationList = 800C82482CE87184000FD12C /* Build configuration list for PBXNativeTarget "SalahTimesExtension" */;
			buildPhases = (
				800C82322CE87182000FD12C /* Sources */,
				800C82332CE87182000FD12C /* Frameworks */,
				800C82342CE87182000FD12C /* Resources */,
			);
			buildRules = (
			);
			dependencies = (
			);
			fileSystemSynchronizedGroups = (
				800C82392CE87182000FD12C /* SalahTimes */,
			);
			name = SalahTimesExtension;
			packageProductDependencies = (
				80E665172CE91C5700B65FB9 /* Adhan */,
			);
			productName = SalahTimesExtension;
			productReference = 800C82362CE87182000FD12C /* SalahTimesExtension.appex */;
			productType = "com.apple.product-type.app-extension";
		};
		80C8FFED2CE7BC4500CDC57E /* prayertime */ = {
			isa = PBXNativeTarget;
			buildConfigurationList = 80C800132CE7BC4700CDC57E /* Build configuration list for PBXNativeTarget "prayertime" */;
			buildPhases = (
				80C8FFEA2CE7BC4500CDC57E /* Sources */,
				80C8FFEB2CE7BC4500CDC57E /* Frameworks */,
				80C8FFEC2CE7BC4500CDC57E /* Resources */,
				80C800382CE7BC7400CDC57E /* Embed Foundation Extensions */,
			);
			buildRules = (
			);
			dependencies = (
				800C82452CE87184000FD12C /* PBXTargetDependency */,
			);
			fileSystemSynchronizedGroups = (
				80C8FFF02CE7BC4500CDC57E /* prayertime */,
			);
			name = prayertime;
			packageProductDependencies = (
				80E665192CE91C6500B65FB9 /* Adhan */,
			);
			productName = prayertime;
			productReference = 80C8FFEE2CE7BC4500CDC57E /* prayertime.app */;
			productType = "com.apple.product-type.application";
		};
/* End PBXNativeTarget section */

/* Begin PBXProject section */
		80C8FFE62CE7BC4500CDC57E /* Project object */ = {
			isa = PBXProject;
			attributes = {
				BuildIndependentTargetsInParallel = 1;
				LastSwiftUpdateCheck = 1610;
				LastUpgradeCheck = 1600;
				TargetAttributes = {
					800C82352CE87182000FD12C = {
						CreatedOnToolsVersion = 16.0;
					};
					80C8FFED2CE7BC4500CDC57E = {
						CreatedOnToolsVersion = 16.0;
					};
				};
			};
			buildConfigurationList = 80C8FFE92CE7BC4500CDC57E /* Build configuration list for PBXProject "prayertime" */;
			developmentRegion = en;
			hasScannedForEncodings = 0;
			knownRegions = (
				en,
				Base,
			);
			mainGroup = 80C8FFE52CE7BC4500CDC57E;
			minimizedProjectReferenceProxies = 1;
			packageReferences = (
				80E665162CE91C5700B65FB9 /* XCRemoteSwiftPackageReference "Adhan-Swift" */,
			);
			preferredProjectObjectVersion = 77;
			productRefGroup = 80C8FFEF2CE7BC4500CDC57E /* Products */;
			projectDirPath = "";
			projectRoot = "";
			targets = (
				80C8FFED2CE7BC4500CDC57E /* prayertime */,
				800C82352CE87182000FD12C /* SalahTimesExtension */,
			);
		};
/* End PBXProject section */

/* Begin PBXResourcesBuildPhase section */
		800C82342CE87182000FD12C /* Resources */ = {
			isa = PBXResourcesBuildPhase;
			buildActionMask = 2147483647;
			files = (
			);
			runOnlyForDeploymentPostprocessing = 0;
		};
		80C8FFEC2CE7BC4500CDC57E /* Resources */ = {
			isa = PBXResourcesBuildPhase;
			buildActionMask = 2147483647;
			files = (
			);
			runOnlyForDeploymentPostprocessing = 0;
		};
/* End PBXResourcesBuildPhase section */

/* Begin PBXSourcesBuildPhase section */
		800C82322CE87182000FD12C /* Sources */ = {
			isa = PBXSourcesBuildPhase;
			buildActionMask = 2147483647;
			files = (
			);
			runOnlyForDeploymentPostprocessing = 0;
		};
		80C8FFEA2CE7BC4500CDC57E /* Sources */ = {
			isa = PBXSourcesBuildPhase;
			buildActionMask = 2147483647;
			files = (
			);
			runOnlyForDeploymentPostprocessing = 0;
		};
/* End PBXSourcesBuildPhase section */

/* Begin PBXTargetDependency section */
		800C82452CE87184000FD12C /* PBXTargetDependency */ = {
			isa = PBXTargetDependency;
			target = 800C82352CE87182000FD12C /* SalahTimesExtension */;
			targetProxy = 800C82442CE87184000FD12C /* PBXContainerItemProxy */;
		};
/* End PBXTargetDependency section */

/* Begin XCBuildConfiguration section */
		800C82492CE87184000FD12C /* Debug */ = {
			isa = XCBuildConfiguration;
			buildSettings = {
				ASSETCATALOG_COMPILER_GLOBAL_ACCENT_COLOR_NAME = AccentColor;
				ASSETCATALOG_COMPILER_WIDGET_BACKGROUND_COLOR_NAME = WidgetBackground;
				CODE_SIGNING_ALLOWED = NO;
				CODE_SIGNING_REQUIRED = NO;
				CODE_SIGN_ENTITLEMENTS = SalahTimes/SalahTimes.entitlements;
				CODE_SIGN_IDENTITY = "Apple Development";
				"CODE_SIGN_IDENTITY[sdk=macosx*]" = "-";
				CODE_SIGN_STYLE = Manual;
				CURRENT_PROJECT_VERSION = 1;
				DEVELOPMENT_TEAM = "";
				ENABLE_HARDENED_RUNTIME = YES;
				GENERATE_INFOPLIST_FILE = YES;
				INFOPLIST_FILE = SalahTimes/Info.plist;
				INFOPLIST_KEY_CFBundleDisplayName = SalahTimes;
				INFOPLIST_KEY_NSHumanReadableCopyright = "";
				LD_RUNPATH_SEARCH_PATHS = (
					"$(inherited)",
					"@executable_path/../Frameworks",
					"@executable_path/../../../../Frameworks",
				);
				MACOSX_DEPLOYMENT_TARGET = 15.0;
				MARKETING_VERSION = 1.0;
				PRODUCT_BUNDLE_IDENTIFIER = bd.com.islamicguidence.prayertime.SalahTimes;
				PRODUCT_NAME = "$(TARGET_NAME)";
				PROVISIONING_PROFILE_SPECIFIER = "";
				SKIP_INSTALL = YES;
				SWIFT_EMIT_LOC_STRINGS = YES;
				SWIFT_VERSION = 5.0;
			};
			name = Debug;
		};
		800C824A2CE87184000FD12C /* Release */ = {
			isa = XCBuildConfiguration;
			buildSettings = {
				ASSETCATALOG_COMPILER_GLOBAL_ACCENT_COLOR_NAME = AccentColor;
				ASSETCATALOG_COMPILER_WIDGET_BACKGROUND_COLOR_NAME = WidgetBackground;
				CODE_SIGN_ENTITLEMENTS = SalahTimes/SalahTimes.entitlements;
				CODE_SIGN_IDENTITY = "Apple Development";
				"CODE_SIGN_IDENTITY[sdk=macosx*]" = "-";
				CODE_SIGN_STYLE = Manual;
				CURRENT_PROJECT_VERSION = 1;
				DEVELOPMENT_TEAM = "";
				ENABLE_HARDENED_RUNTIME = YES;
				GENERATE_INFOPLIST_FILE = YES;
				INFOPLIST_FILE = SalahTimes/Info.plist;
				INFOPLIST_KEY_CFBundleDisplayName = SalahTimes;
				INFOPLIST_KEY_NSHumanReadableCopyright = "";
				LD_RUNPATH_SEARCH_PATHS = (
					"$(inherited)",
					"@executable_path/../Frameworks",
					"@executable_path/../../../../Frameworks",
				);
				MACOSX_DEPLOYMENT_TARGET = 15.0;
				MARKETING_VERSION = 1.0;
				PRODUCT_BUNDLE_IDENTIFIER = bd.com.islamicguidence.prayertime.SalahTimes;
				PRODUCT_NAME = "$(TARGET_NAME)";
				PROVISIONING_PROFILE_SPECIFIER = "";
				SKIP_INSTALL = YES;
				SWIFT_EMIT_LOC_STRINGS = YES;
				SWIFT_VERSION = 5.0;
			};
			name = Release;
		};
		80C800112CE7BC4700CDC57E /* Debug */ = {
			isa = XCBuildConfiguration;
			buildSettings = {
				ALWAYS_SEARCH_USER_PATHS = NO;
				ASSETCATALOG_COMPILER_GENERATE_SWIFT_ASSET_SYMBOL_EXTENSIONS = YES;
				CLANG_ANALYZER_NONNULL = YES;
				CLANG_ANALYZER_NUMBER_OBJECT_CONVERSION = YES_AGGRESSIVE;
				CLANG_CXX_LANGUAGE_STANDARD = "gnu++20";
				CLANG_ENABLE_MODULES = YES;
				CLANG_ENABLE_OBJC_ARC = YES;
				CLANG_ENABLE_OBJC_WEAK = YES;
				CLANG_WARN_BLOCK_CAPTURE_AUTORELEASING = YES;
				CLANG_WARN_BOOL_CONVERSION = YES;
				CLANG_WARN_COMMA = YES;
				CLANG_WARN_CONSTANT_CONVERSION = YES;
				CLANG_WARN_DEPRECATED_OBJC_IMPLEMENTATIONS = YES;
				CLANG_WARN_DIRECT_OBJC_ISA_USAGE = YES_ERROR;
				CLANG_WARN_DOCUMENTATION_COMMENTS = YES;
				CLANG_WARN_EMPTY_BODY = YES;
				CLANG_WARN_ENUM_CONVERSION = YES;
				CLANG_WARN_INFINITE_RECURSION = YES;
				CLANG_WARN_INT_CONVERSION = YES;
				CLANG_WARN_NON_LITERAL_NULL_CONVERSION = YES;
				CLANG_WARN_OBJC_IMPLICIT_RETAIN_SELF = YES;
				CLANG_WARN_OBJC_LITERAL_CONVERSION = YES;
				CLANG_WARN_OBJC_ROOT_CLASS = YES_ERROR;
				CLANG_WARN_QUOTED_INCLUDE_IN_FRAMEWORK_HEADER = YES;
				CLANG_WARN_RANGE_LOOP_ANALYSIS = YES;
				CLANG_WARN_STRICT_PROTOTYPES = YES;
				CLANG_WARN_SUSPICIOUS_MOVE = YES;
				CLANG_WARN_UNGUARDED_AVAILABILITY = YES_AGGRESSIVE;
				CLANG_WARN_UNREACHABLE_CODE = YES;
				CLANG_WARN__DUPLICATE_METHOD_MATCH = YES;
				COPY_PHASE_STRIP = NO;
				DEBUG_INFORMATION_FORMAT = dwarf;
				ENABLE_STRICT_OBJC_MSGSEND = YES;
				ENABLE_TESTABILITY = YES;
				ENABLE_USER_SCRIPT_SANDBOXING = YES;
				GCC_C_LANGUAGE_STANDARD = gnu17;
				GCC_DYNAMIC_NO_PIC = NO;
				GCC_NO_COMMON_BLOCKS = YES;
				GCC_OPTIMIZATION_LEVEL = 0;
				GCC_PREPROCESSOR_DEFINITIONS = (
					"DEBUG=1",
					"$(inherited)",
				);
				GCC_WARN_64_TO_32_BIT_CONVERSION = YES;
				GCC_WARN_ABOUT_RETURN_TYPE = YES_ERROR;
				GCC_WARN_UNDECLARED_SELECTOR = YES;
				GCC_WARN_UNINITIALIZED_AUTOS = YES_AGGRESSIVE;
				GCC_WARN_UNUSED_FUNCTION = YES;
				GCC_WARN_UNUSED_VARIABLE = YES;
				LOCALIZATION_PREFERS_STRING_CATALOGS = YES;
				MACOSX_DEPLOYMENT_TARGET = 15.0;
				MTL_ENABLE_DEBUG_INFO = INCLUDE_SOURCE;
				MTL_FAST_MATH = YES;
				ONLY_ACTIVE_ARCH = YES;
				SDKROOT = macosx;
				SWIFT_ACTIVE_COMPILATION_CONDITIONS = "DEBUG $(inherited)";
				SWIFT_OPTIMIZATION_LEVEL = "-Onone";
			};
			name = Debug;
		};
		80C800122CE7BC4700CDC57E /* Release */ = {
			isa = XCBuildConfiguration;
			buildSettings = {
				ALWAYS_SEARCH_USER_PATHS = NO;
				ASSETCATALOG_COMPILER_GENERATE_SWIFT_ASSET_SYMBOL_EXTENSIONS = YES;
				CLANG_ANALYZER_NONNULL = YES;
				CLANG_ANALYZER_NUMBER_OBJECT_CONVERSION = YES_AGGRESSIVE;
				CLANG_CXX_LANGUAGE_STANDARD = "gnu++20";
				CLANG_ENABLE_MODULES = YES;
				CLANG_ENABLE_OBJC_ARC = YES;
				CLANG_ENABLE_OBJC_WEAK = YES;
				CLANG_WARN_BLOCK_CAPTURE_AUTORELEASING = YES;
				CLANG_WARN_BOOL_CONVERSION = YES;
				CLANG_WARN_COMMA = YES;
				CLANG_WARN_CONSTANT_CONVERSION = YES;
				CLANG_WARN_DEPRECATED_OBJC_IMPLEMENTATIONS = YES;
				CLANG_WARN_DIRECT_OBJC_ISA_USAGE = YES_ERROR;
				CLANG_WARN_DOCUMENTATION_COMMENTS = YES;
				CLANG_WARN_EMPTY_BODY = YES;
				CLANG_WARN_ENUM_CONVERSION = YES;
				CLANG_WARN_INFINITE_RECURSION = YES;
				CLANG_WARN_INT_CONVERSION = YES;
				CLANG_WARN_NON_LITERAL_NULL_CONVERSION = YES;
				CLANG_WARN_OBJC_IMPLICIT_RETAIN_SELF = YES;
				CLANG_WARN_OBJC_LITERAL_CONVERSION = YES;
				CLANG_WARN_OBJC_ROOT_CLASS = YES_ERROR;
				CLANG_WARN_QUOTED_INCLUDE_IN_FRAMEWORK_HEADER = YES;
				CLANG_WARN_RANGE_LOOP_ANALYSIS = YES;
				CLANG_WARN_STRICT_PROTOTYPES = YES;
				CLANG_WARN_SUSPICIOUS_MOVE = YES;
				CLANG_WARN_UNGUARDED_AVAILABILITY = YES_AGGRESSIVE;
				CLANG_WARN_UNREACHABLE_CODE = YES;
				CLANG_WARN__DUPLICATE_METHOD_MATCH = YES;
				COPY_PHASE_STRIP = NO;
				DEBUG_INFORMATION_FORMAT = "dwarf-with-dsym";
				ENABLE_NS_ASSERTIONS = NO;
				ENABLE_STRICT_OBJC_MSGSEND = YES;
				ENABLE_USER_SCRIPT_SANDBOXING = YES;
				GCC_C_LANGUAGE_STANDARD = gnu17;
				GCC_NO_COMMON_BLOCKS = YES;
				GCC_WARN_64_TO_32_BIT_CONVERSION = YES;
				GCC_WARN_ABOUT_RETURN_TYPE = YES_ERROR;
				GCC_WARN_UNDECLARED_SELECTOR = YES;
				GCC_WARN_UNINITIALIZED_AUTOS = YES_AGGRESSIVE;
				GCC_WARN_UNUSED_FUNCTION = YES;
				GCC_WARN_UNUSED_VARIABLE = YES;
				LOCALIZATION_PREFERS_STRING_CATALOGS = YES;
				MACOSX_DEPLOYMENT_TARGET = 15.0;
				MTL_ENABLE_DEBUG_INFO = NO;
				MTL_FAST_MATH = YES;
				SDKROOT = macosx;
				SWIFT_COMPILATION_MODE = wholemodule;
			};
			name = Release;
		};
		80C800142CE7BC4700CDC57E /* Debug */ = {
			isa = XCBuildConfiguration;
			buildSettings = {
				ASSETCATALOG_COMPILER_APPICON_NAME = AppIcon;
				ASSETCATALOG_COMPILER_GLOBAL_ACCENT_COLOR_NAME = AccentColor;
				CODE_SIGN_ENTITLEMENTS = prayertime/prayertime.entitlements;
				"CODE_SIGN_IDENTITY[sdk=macosx*]" = "-";
				CODE_SIGN_STYLE = Automatic;
				COMBINE_HIDPI_IMAGES = YES;
				CURRENT_PROJECT_VERSION = 1;
				DEVELOPMENT_ASSET_PATHS = "\"prayertime/Preview Content\"";
				DEVELOPMENT_TEAM = "";
				ENABLE_HARDENED_RUNTIME = YES;
				ENABLE_PREVIEWS = YES;
				GENERATE_INFOPLIST_FILE = YES;
				INFOPLIST_KEY_CFBundleDisplayName = "Salah Times";
				INFOPLIST_KEY_NSHumanReadableCopyright = "";
				LD_RUNPATH_SEARCH_PATHS = (
					"$(inherited)",
					"@executable_path/../Frameworks",
				);
				MACOSX_DEPLOYMENT_TARGET = 15.0;
				MARKETING_VERSION = 1.0;
				PRODUCT_BUNDLE_IDENTIFIER = bd.com.islamicguidence.prayertime;
				PRODUCT_NAME = "$(TARGET_NAME)";
				SWIFT_EMIT_LOC_STRINGS = YES;
				SWIFT_VERSION = 5.0;
			};
			name = Debug;
		};
		80C800152CE7BC4700CDC57E /* Release */ = {
			isa = XCBuildConfiguration;
			buildSettings = {
				ASSETCATALOG_COMPILER_APPICON_NAME = AppIcon;
				ASSETCATALOG_COMPILER_GLOBAL_ACCENT_COLOR_NAME = AccentColor;
				CODE_SIGN_ENTITLEMENTS = prayertime/prayertime.entitlements;
				"CODE_SIGN_IDENTITY[sdk=macosx*]" = "-";
				CODE_SIGN_STYLE = Automatic;
				COMBINE_HIDPI_IMAGES = YES;
				CURRENT_PROJECT_VERSION = 1;
				DEVELOPMENT_ASSET_PATHS = "\"prayertime/Preview Content\"";
				DEVELOPMENT_TEAM = "";
				ENABLE_HARDENED_RUNTIME = YES;
				ENABLE_PREVIEWS = YES;
				GENERATE_INFOPLIST_FILE = YES;
				INFOPLIST_KEY_CFBundleDisplayName = "Salah Times";
				INFOPLIST_KEY_NSHumanReadableCopyright = "";
				LD_RUNPATH_SEARCH_PATHS = (
					"$(inherited)",
					"@executable_path/../Frameworks",
				);
				MACOSX_DEPLOYMENT_TARGET = 15.0;
				MARKETING_VERSION = 1.0;
				PRODUCT_BUNDLE_IDENTIFIER = bd.com.islamicguidence.prayertime;
				PRODUCT_NAME = "$(TARGET_NAME)";
				SWIFT_EMIT_LOC_STRINGS = YES;
				SWIFT_VERSION = 5.0;
			};
			name = Release;
		};
/* End XCBuildConfiguration section */

/* Begin XCConfigurationList section */
		800C82482CE87184000FD12C /* Build configuration list for PBXNativeTarget "SalahTimesExtension" */ = {
			isa = XCConfigurationList;
			buildConfigurations = (
				800C82492CE87184000FD12C /* Debug */,
				800C824A2CE87184000FD12C /* Release */,
			);
			defaultConfigurationIsVisible = 0;
			defaultConfigurationName = Debug;
		};
		80C800132CE7BC4700CDC57E /* Build configuration list for PBXNativeTarget "prayertime" */ = {
			isa = XCConfigurationList;
			buildConfigurations = (
				80C800142CE7BC4700CDC57E /* Debug */,
				80C800152CE7BC4700CDC57E /* Release */,
			);
			defaultConfigurationIsVisible = 0;
			defaultConfigurationName = Debug;
		};
		80C8FFE92CE7BC4500CDC57E /* Build configuration list for PBXProject "prayertime" */ = {
			isa = XCConfigurationList;
			buildConfigurations = (
				80C800112CE7BC4700CDC57E /* Debug */,
				80C800122CE7BC4700CDC57E /* Release */,
			);
			defaultConfigurationIsVisible = 0;
			defaultConfigurationName = Debug;
		};
/* End XCConfigurationList section */

/* Begin XCRemoteSwiftPackageReference section */
		80E665162CE91C5700B65FB9 /* XCRemoteSwiftPackageReference "Adhan-Swift" */ = {
			isa = XCRemoteSwiftPackageReference;
			repositoryURL = "https://github.com/batoulapps/Adhan-Swift";
			requirement = {
				kind = upToNextMajorVersion;
				minimumVersion = 1.4.0;
			};
		};
/* End XCRemoteSwiftPackageReference section */

/* Begin XCSwiftPackageProductDependency section */
		80E665172CE91C5700B65FB9 /* Adhan */ = {
			isa = XCSwiftPackageProductDependency;
			package = 80E665162CE91C5700B65FB9 /* XCRemoteSwiftPackageReference "Adhan-Swift" */;
			productName = Adhan;
		};
		80E665192CE91C6500B65FB9 /* Adhan */ = {
			isa = XCSwiftPackageProductDependency;
			package = 80E665162CE91C5700B65FB9 /* XCRemoteSwiftPackageReference "Adhan-Swift" */;
			productName = Adhan;
		};
/* End XCSwiftPackageProductDependency section */
	};
	rootObject = 80C8FFE62CE7BC4500CDC57E /* Project object */;
}
