// !$*UTF8*$!
{
	archiveVersion = 1;
	classes = {
	};
	objectVersion = 77;
	objects = {

/* Begin PBXContainerItemProxy section */
		80C800002CE7BC4700CDC57E /* PBXContainerItemProxy */ = {
			isa = PBXContainerItemProxy;
			containerPortal = 80C8FFE62CE7BC4500CDC57E /* Project object */;
			proxyType = 1;
			remoteGlobalIDString = 80C8FFED2CE7BC4500CDC57E;
			remoteInfo = prayertime;
		};
		80C8000A2CE7BC4700CDC57E /* PBXContainerItemProxy */ = {
			isa = PBXContainerItemProxy;
			containerPortal = 80C8FFE62CE7BC4500CDC57E /* Project object */;
			proxyType = 1;
			remoteGlobalIDString = 80C8FFED2CE7BC4500CDC57E;
			remoteInfo = prayertime;
		};
/* End PBXContainerItemProxy section */

/* Begin PBXFileReference section */
		80C800092CE7BC4700CDC57E /* prayertimeUITests.xctest */ = {isa = PBXFileReference; explicitFileType = wrapper.cfbundle; includeInIndex = 0; path = prayertimeUITests.xctest; sourceTree = BUILT_PRODUCTS_DIR; };
		80C8FFEE2CE7BC4500CDC57E /* prayertime.app */ = {isa = PBXFileReference; explicitFileType = wrapper.application; includeInIndex = 0; path = prayertime.app; sourceTree = BUILT_PRODUCTS_DIR; };
		80C8FFFF2CE7BC4700CDC57E /* prayertimeTests.xctest */ = {isa = PBXFileReference; explicitFileType = wrapper.cfbundle; includeInIndex = 0; path = prayertimeTests.xctest; sourceTree = BUILT_PRODUCTS_DIR; };
/* End PBXFileReference section */

/* Begin PBXFileSystemSynchronizedRootGroup section */
		80C800022CE7BC4700CDC57E /* prayertimeTests */ = {
			isa = PBXFileSystemSynchronizedRootGroup;
			path = prayertimeTests;
			sourceTree = "<group>";
		};
		80C8000C2CE7BC4700CDC57E /* prayertimeUITests */ = {
			isa = PBXFileSystemSynchronizedRootGroup;
			path = prayertimeUITests;
			sourceTree = "<group>";
		};
		80C8FFF02CE7BC4500CDC57E /* prayertime */ = {
			isa = PBXFileSystemSynchronizedRootGroup;
			path = prayertime;
			sourceTree = "<group>";
		};
/* End PBXFileSystemSynchronizedRootGroup section */

/* Begin PBXFrameworksBuildPhase section */
		80C800062CE7BC4700CDC57E /* Frameworks */ = {
			isa = PBXFrameworksBuildPhase;
			buildActionMask = 2147483647;
			files = (
			);
			runOnlyForDeploymentPostprocessing = 0;
		};
		80C8FFEB2CE7BC4500CDC57E /* Frameworks */ = {
			isa = PBXFrameworksBuildPhase;
			buildActionMask = 2147483647;
			files = (
			);
			runOnlyForDeploymentPostprocessing = 0;
		};
		80C8FFFC2CE7BC4700CDC57E /* Frameworks */ = {
			isa = PBXFrameworksBuildPhase;
			buildActionMask = 2147483647;
			files = (
			);
			runOnlyForDeploymentPostprocessing = 0;
		};
/* End PBXFrameworksBuildPhase section */

/* Begin PBXGroup section */
		80C8FFE52CE7BC4500CDC57E = {
			isa = PBXGroup;
			children = (
				80C8FFF02CE7BC4500CDC57E /* prayertime */,
				80C800022CE7BC4700CDC57E /* prayertimeTests */,
				80C8000C2CE7BC4700CDC57E /* prayertimeUITests */,
				80C8FFEF2CE7BC4500CDC57E /* Products */,
			);
			sourceTree = "<group>";
		};
		80C8FFEF2CE7BC4500CDC57E /* Products */ = {
			isa = PBXGroup;
			children = (
				80C8FFEE2CE7BC4500CDC57E /* prayertime.app */,
				80C8FFFF2CE7BC4700CDC57E /* prayertimeTests.xctest */,
				80C800092CE7BC4700CDC57E /* prayertimeUITests.xctest */,
			);
			name = Products;
			sourceTree = "<group>";
		};
/* End PBXGroup section */

/* Begin PBXNativeTarget section */
		80C800082CE7BC4700CDC57E /* prayertimeUITests */ = {
			isa = PBXNativeTarget;
			buildConfigurationList = 80C800192CE7BC4700CDC57E /* Build configuration list for PBXNativeTarget "prayertimeUITests" */;
			buildPhases = (
				80C800052CE7BC4700CDC57E /* Sources */,
				80C800062CE7BC4700CDC57E /* Frameworks */,
				80C800072CE7BC4700CDC57E /* Resources */,
			);
			buildRules = (
			);
			dependencies = (
				80C8000B2CE7BC4700CDC57E /* PBXTargetDependency */,
			);
			fileSystemSynchronizedGroups = (
				80C8000C2CE7BC4700CDC57E /* prayertimeUITests */,
			);
			name = prayertimeUITests;
			packageProductDependencies = (
			);
			productName = prayertimeUITests;
			productReference = 80C800092CE7BC4700CDC57E /* prayertimeUITests.xctest */;
			productType = "com.apple.product-type.bundle.ui-testing";
		};
		80C8FFED2CE7BC4500CDC57E /* prayertime */ = {
			isa = PBXNativeTarget;
			buildConfigurationList = 80C800132CE7BC4700CDC57E /* Build configuration list for PBXNativeTarget "prayertime" */;
			buildPhases = (
				80C8FFEA2CE7BC4500CDC57E /* Sources */,
				80C8FFEB2CE7BC4500CDC57E /* Frameworks */,
				80C8FFEC2CE7BC4500CDC57E /* Resources */,
			);
			buildRules = (
			);
			dependencies = (
			);
			fileSystemSynchronizedGroups = (
				80C8FFF02CE7BC4500CDC57E /* prayertime */,
			);
			name = prayertime;
			packageProductDependencies = (
			);
			productName = prayertime;
			productReference = 80C8FFEE2CE7BC4500CDC57E /* prayertime.app */;
			productType = "com.apple.product-type.application";
		};
		80C8FFFE2CE7BC4700CDC57E /* prayertimeTests */ = {
			isa = PBXNativeTarget;
			buildConfigurationList = 80C800162CE7BC4700CDC57E /* Build configuration list for PBXNativeTarget "prayertimeTests" */;
			buildPhases = (
				80C8FFFB2CE7BC4700CDC57E /* Sources */,
				80C8FFFC2CE7BC4700CDC57E /* Frameworks */,
				80C8FFFD2CE7BC4700CDC57E /* Resources */,
			);
			buildRules = (
			);
			dependencies = (
				80C800012CE7BC4700CDC57E /* PBXTargetDependency */,
			);
			fileSystemSynchronizedGroups = (
				80C800022CE7BC4700CDC57E /* prayertimeTests */,
			);
			name = prayertimeTests;
			packageProductDependencies = (
			);
			productName = prayertimeTests;
			productReference = 80C8FFFF2CE7BC4700CDC57E /* prayertimeTests.xctest */;
			productType = "com.apple.product-type.bundle.unit-test";
		};
/* End PBXNativeTarget section */

/* Begin PBXProject section */
		80C8FFE62CE7BC4500CDC57E /* Project object */ = {
			isa = PBXProject;
			attributes = {
				BuildIndependentTargetsInParallel = 1;
				LastSwiftUpdateCheck = 1600;
				LastUpgradeCheck = 1600;
				TargetAttributes = {
					80C800082CE7BC4700CDC57E = {
						CreatedOnToolsVersion = 16.0;
						TestTargetID = 80C8FFED2CE7BC4500CDC57E;
					};
					80C8FFED2CE7BC4500CDC57E = {
						CreatedOnToolsVersion = 16.0;
					};
					80C8FFFE2CE7BC4700CDC57E = {
						CreatedOnToolsVersion = 16.0;
						TestTargetID = 80C8FFED2CE7BC4500CDC57E;
					};
				};
			};
			buildConfigurationList = 80C8FFE92CE7BC4500CDC57E /* Build configuration list for PBXProject "prayertime" */;
			developmentRegion = en;
			hasScannedForEncodings = 0;
			knownRegions = (
				en,
				Base,
			);
			mainGroup = 80C8FFE52CE7BC4500CDC57E;
			minimizedProjectReferenceProxies = 1;
			preferredProjectObjectVersion = 77;
			productRefGroup = 80C8FFEF2CE7BC4500CDC57E /* Products */;
			projectDirPath = "";
			projectRoot = "";
			targets = (
				80C8FFED2CE7BC4500CDC57E /* prayertime */,
				80C8FFFE2CE7BC4700CDC57E /* prayertimeTests */,
				80C800082CE7BC4700CDC57E /* prayertimeUITests */,
			);
		};
/* End PBXProject section */

/* Begin PBXResourcesBuildPhase section */
		80C800072CE7BC4700CDC57E /* Resources */ = {
			isa = PBXResourcesBuildPhase;
			buildActionMask = 2147483647;
			files = (
			);
			runOnlyForDeploymentPostprocessing = 0;
		};
		80C8FFEC2CE7BC4500CDC57E /* Resources */ = {
			isa = PBXResourcesBuildPhase;
			buildActionMask = 2147483647;
			files = (
			);
			runOnlyForDeploymentPostprocessing = 0;
		};
		80C8FFFD2CE7BC4700CDC57E /* Resources */ = {
			isa = PBXResourcesBuildPhase;
			buildActionMask = 2147483647;
			files = (
			);
			runOnlyForDeploymentPostprocessing = 0;
		};
/* End PBXResourcesBuildPhase section */

/* Begin PBXSourcesBuildPhase section */
		80C800052CE7BC4700CDC57E /* Sources */ = {
			isa = PBXSourcesBuildPhase;
			buildActionMask = 2147483647;
			files = (
			);
			runOnlyForDeploymentPostprocessing = 0;
		};
		80C8FFEA2CE7BC4500CDC57E /* Sources */ = {
			isa = PBXSourcesBuildPhase;
			buildActionMask = 2147483647;
			files = (
			);
			runOnlyForDeploymentPostprocessing = 0;
		};
		80C8FFFB2CE7BC4700CDC57E /* Sources */ = {
			isa = PBXSourcesBuildPhase;
			buildActionMask = 2147483647;
			files = (
			);
			runOnlyForDeploymentPostprocessing = 0;
		};
/* End PBXSourcesBuildPhase section */

/* Begin PBXTargetDependency section */
		80C800012CE7BC4700CDC57E /* PBXTargetDependency */ = {
			isa = PBXTargetDependency;
			target = 80C8FFED2CE7BC4500CDC57E /* prayertime */;
			targetProxy = 80C800002CE7BC4700CDC57E /* PBXContainerItemProxy */;
		};
		80C8000B2CE7BC4700CDC57E /* PBXTargetDependency */ = {
			isa = PBXTargetDependency;
			target = 80C8FFED2CE7BC4500CDC57E /* prayertime */;
			targetProxy = 80C8000A2CE7BC4700CDC57E /* PBXContainerItemProxy */;
		};
/* End PBXTargetDependency section */

/* Begin XCBuildConfiguration section */
		80C800112CE7BC4700CDC57E /* Debug */ = {
			isa = XCBuildConfiguration;
			buildSettings = {
				ALWAYS_SEARCH_USER_PATHS = NO;
				ASSETCATALOG_COMPILER_GENERATE_SWIFT_ASSET_SYMBOL_EXTENSIONS = YES;
				CLANG_ANALYZER_NONNULL = YES;
				CLANG_ANALYZER_NUMBER_OBJECT_CONVERSION = YES_AGGRESSIVE;
				CLANG_CXX_LANGUAGE_STANDARD = "gnu++20";
				CLANG_ENABLE_MODULES = YES;
				CLANG_ENABLE_OBJC_ARC = YES;
				CLANG_ENABLE_OBJC_WEAK = YES;
				CLANG_WARN_BLOCK_CAPTURE_AUTORELEASING = YES;
				CLANG_WARN_BOOL_CONVERSION = YES;
				CLANG_WARN_COMMA = YES;
				CLANG_WARN_CONSTANT_CONVERSION = YES;
				CLANG_WARN_DEPRECATED_OBJC_IMPLEMENTATIONS = YES;
				CLANG_WARN_DIRECT_OBJC_ISA_USAGE = YES_ERROR;
				CLANG_WARN_DOCUMENTATION_COMMENTS = YES;
				CLANG_WARN_EMPTY_BODY = YES;
				CLANG_WARN_ENUM_CONVERSION = YES;
				CLANG_WARN_INFINITE_RECURSION = YES;
				CLANG_WARN_INT_CONVERSION = YES;
				CLANG_WARN_NON_LITERAL_NULL_CONVERSION = YES;
				CLANG_WARN_OBJC_IMPLICIT_RETAIN_SELF = YES;
				CLANG_WARN_OBJC_LITERAL_CONVERSION = YES;
				CLANG_WARN_OBJC_ROOT_CLASS = YES_ERROR;
				CLANG_WARN_QUOTED_INCLUDE_IN_FRAMEWORK_HEADER = YES;
				CLANG_WARN_RANGE_LOOP_ANALYSIS = YES;
				CLANG_WARN_STRICT_PROTOTYPES = YES;
				CLANG_WARN_SUSPICIOUS_MOVE = YES;
				CLANG_WARN_UNGUARDED_AVAILABILITY = YES_AGGRESSIVE;
				CLANG_WARN_UNREACHABLE_CODE = YES;
				CLANG_WARN__DUPLICATE_METHOD_MATCH = YES;
				COPY_PHASE_STRIP = NO;
				DEBUG_INFORMATION_FORMAT = dwarf;
				ENABLE_STRICT_OBJC_MSGSEND = YES;
				ENABLE_TESTABILITY = YES;
				ENABLE_USER_SCRIPT_SANDBOXING = YES;
				GCC_C_LANGUAGE_STANDARD = gnu17;
				GCC_DYNAMIC_NO_PIC = NO;
				GCC_NO_COMMON_BLOCKS = YES;
				GCC_OPTIMIZATION_LEVEL = 0;
				GCC_PREPROCESSOR_DEFINITIONS = (
					"DEBUG=1",
					"$(inherited)",
				);
				GCC_WARN_64_TO_32_BIT_CONVERSION = YES;
				GCC_WARN_ABOUT_RETURN_TYPE = YES_ERROR;
				GCC_WARN_UNDECLARED_SELECTOR = YES;
				GCC_WARN_UNINITIALIZED_AUTOS = YES_AGGRESSIVE;
				GCC_WARN_UNUSED_FUNCTION = YES;
				GCC_WARN_UNUSED_VARIABLE = YES;
				LOCALIZATION_PREFERS_STRING_CATALOGS = YES;
				MACOSX_DEPLOYMENT_TARGET = 15.0;
				MTL_ENABLE_DEBUG_INFO = INCLUDE_SOURCE;
				MTL_FAST_MATH = YES;
				ONLY_ACTIVE_ARCH = YES;
				SDKROOT = macosx;
				SWIFT_ACTIVE_COMPILATION_CONDITIONS = "DEBUG $(inherited)";
				SWIFT_OPTIMIZATION_LEVEL = "-Onone";
			};
			name = Debug;
		};
		80C800122CE7BC4700CDC57E /* Release */ = {
			isa = XCBuildConfiguration;
			buildSettings = {
				ALWAYS_SEARCH_USER_PATHS = NO;
				ASSETCATALOG_COMPILER_GENERATE_SWIFT_ASSET_SYMBOL_EXTENSIONS = YES;
				CLANG_ANALYZER_NONNULL = YES;
				CLANG_ANALYZER_NUMBER_OBJECT_CONVERSION = YES_AGGRESSIVE;
				CLANG_CXX_LANGUAGE_STANDARD = "gnu++20";
				CLANG_ENABLE_MODULES = YES;
				CLANG_ENABLE_OBJC_ARC = YES;
				CLANG_ENABLE_OBJC_WEAK = YES;
				CLANG_WARN_BLOCK_CAPTURE_AUTORELEASING = YES;
				CLANG_WARN_BOOL_CONVERSION = YES;
				CLANG_WARN_COMMA = YES;
				CLANG_WARN_CONSTANT_CONVERSION = YES;
				CLANG_WARN_DEPRECATED_OBJC_IMPLEMENTATIONS = YES;
				CLANG_WARN_DIRECT_OBJC_ISA_USAGE = YES_ERROR;
				CLANG_WARN_DOCUMENTATION_COMMENTS = YES;
				CLANG_WARN_EMPTY_BODY = YES;
				CLANG_WARN_ENUM_CONVERSION = YES;
				CLANG_WARN_INFINITE_RECURSION = YES;
				CLANG_WARN_INT_CONVERSION = YES;
				CLANG_WARN_NON_LITERAL_NULL_CONVERSION = YES;
				CLANG_WARN_OBJC_IMPLICIT_RETAIN_SELF = YES;
				CLANG_WARN_OBJC_LITERAL_CONVERSION = YES;
				CLANG_WARN_OBJC_ROOT_CLASS = YES_ERROR;
				CLANG_WARN_QUOTED_INCLUDE_IN_FRAMEWORK_HEADER = YES;
				CLANG_WARN_RANGE_LOOP_ANALYSIS = YES;
				CLANG_WARN_STRICT_PROTOTYPES = YES;
				CLANG_WARN_SUSPICIOUS_MOVE = YES;
				CLANG_WARN_UNGUARDED_AVAILABILITY = YES_AGGRESSIVE;
				CLANG_WARN_UNREACHABLE_CODE = YES;
				CLANG_WARN__DUPLICATE_METHOD_MATCH = YES;
				COPY_PHASE_STRIP = NO;
				DEBUG_INFORMATION_FORMAT = "dwarf-with-dsym";
				ENABLE_NS_ASSERTIONS = NO;
				ENABLE_STRICT_OBJC_MSGSEND = YES;
				ENABLE_USER_SCRIPT_SANDBOXING = YES;
				GCC_C_LANGUAGE_STANDARD = gnu17;
				GCC_NO_COMMON_BLOCKS = YES;
				GCC_WARN_64_TO_32_BIT_CONVERSION = YES;
				GCC_WARN_ABOUT_RETURN_TYPE = YES_ERROR;
				GCC_WARN_UNDECLARED_SELECTOR = YES;
				GCC_WARN_UNINITIALIZED_AUTOS = YES_AGGRESSIVE;
				GCC_WARN_UNUSED_FUNCTION = YES;
				GCC_WARN_UNUSED_VARIABLE = YES;
				LOCALIZATION_PREFERS_STRING_CATALOGS = YES;
				MACOSX_DEPLOYMENT_TARGET = 15.0;
				MTL_ENABLE_DEBUG_INFO = NO;
				MTL_FAST_MATH = YES;
				SDKROOT = macosx;
				SWIFT_COMPILATION_MODE = wholemodule;
			};
			name = Release;
		};
		80C800142CE7BC4700CDC57E /* Debug */ = {
			isa = XCBuildConfiguration;
			buildSettings = {
				ASSETCATALOG_COMPILER_APPICON_NAME = AppIcon;
				ASSETCATALOG_COMPILER_GLOBAL_ACCENT_COLOR_NAME = AccentColor;
				CODE_SIGN_ENTITLEMENTS = prayertime/prayertime.entitlements;
				CODE_SIGN_STYLE = Automatic;
				COMBINE_HIDPI_IMAGES = YES;
				CURRENT_PROJECT_VERSION = 1;
				DEVELOPMENT_ASSET_PATHS = "\"prayertime/Preview Content\"";
				DEVELOPMENT_TEAM = F27CB48XW2;
				ENABLE_HARDENED_RUNTIME = YES;
				ENABLE_PREVIEWS = YES;
				GENERATE_INFOPLIST_FILE = YES;
				INFOPLIST_KEY_NSHumanReadableCopyright = "";
				LD_RUNPATH_SEARCH_PATHS = (
					"$(inherited)",
					"@executable_path/../Frameworks",
				);
				MARKETING_VERSION = 1.0;
				PRODUCT_BUNDLE_IDENTIFIER = bd.com.islamicguidence.prayertime;
				PRODUCT_NAME = "$(TARGET_NAME)";
				SWIFT_EMIT_LOC_STRINGS = YES;
				SWIFT_VERSION = 5.0;
			};
			name = Debug;
		};
		80C800152CE7BC4700CDC57E /* Release */ = {
			isa = XCBuildConfiguration;
			buildSettings = {
				ASSETCATALOG_COMPILER_APPICON_NAME = AppIcon;
				ASSETCATALOG_COMPILER_GLOBAL_ACCENT_COLOR_NAME = AccentColor;
				CODE_SIGN_ENTITLEMENTS = prayertime/prayertime.entitlements;
				CODE_SIGN_STYLE = Automatic;
				COMBINE_HIDPI_IMAGES = YES;
				CURRENT_PROJECT_VERSION = 1;
				DEVELOPMENT_ASSET_PATHS = "\"prayertime/Preview Content\"";
				DEVELOPMENT_TEAM = F27CB48XW2;
				ENABLE_HARDENED_RUNTIME = YES;
				ENABLE_PREVIEWS = YES;
				GENERATE_INFOPLIST_FILE = YES;
				INFOPLIST_KEY_NSHumanReadableCopyright = "";
				LD_RUNPATH_SEARCH_PATHS = (
					"$(inherited)",
					"@executable_path/../Frameworks",
				);
				MARKETING_VERSION = 1.0;
				PRODUCT_BUNDLE_IDENTIFIER = bd.com.islamicguidence.prayertime;
				PRODUCT_NAME = "$(TARGET_NAME)";
				SWIFT_EMIT_LOC_STRINGS = YES;
				SWIFT_VERSION = 5.0;
			};
			name = Release;
		};
		80C800172CE7BC4700CDC57E /* Debug */ = {
			isa = XCBuildConfiguration;
			buildSettings = {
				BUNDLE_LOADER = "$(TEST_HOST)";
				CODE_SIGN_STYLE = Automatic;
				CURRENT_PROJECT_VERSION = 1;
				DEVELOPMENT_TEAM = F27CB48XW2;
				GENERATE_INFOPLIST_FILE = YES;
				MACOSX_DEPLOYMENT_TARGET = 15.0;
				MARKETING_VERSION = 1.0;
				PRODUCT_BUNDLE_IDENTIFIER = bd.com.islamicguidence.prayertimeTests;
				PRODUCT_NAME = "$(TARGET_NAME)";
				SWIFT_EMIT_LOC_STRINGS = NO;
				SWIFT_VERSION = 5.0;
				TEST_HOST = "$(BUILT_PRODUCTS_DIR)/prayertime.app/$(BUNDLE_EXECUTABLE_FOLDER_PATH)/prayertime";
			};
			name = Debug;
		};
		80C800182CE7BC4700CDC57E /* Release */ = {
			isa = XCBuildConfiguration;
			buildSettings = {
				BUNDLE_LOADER = "$(TEST_HOST)";
				CODE_SIGN_STYLE = Automatic;
				CURRENT_PROJECT_VERSION = 1;
				DEVELOPMENT_TEAM = F27CB48XW2;
				GENERATE_INFOPLIST_FILE = YES;
				MACOSX_DEPLOYMENT_TARGET = 15.0;
				MARKETING_VERSION = 1.0;
				PRODUCT_BUNDLE_IDENTIFIER = bd.com.islamicguidence.prayertimeTests;
				PRODUCT_NAME = "$(TARGET_NAME)";
				SWIFT_EMIT_LOC_STRINGS = NO;
				SWIFT_VERSION = 5.0;
				TEST_HOST = "$(BUILT_PRODUCTS_DIR)/prayertime.app/$(BUNDLE_EXECUTABLE_FOLDER_PATH)/prayertime";
			};
			name = Release;
		};
		80C8001A2CE7BC4700CDC57E /* Debug */ = {
			isa = XCBuildConfiguration;
			buildSettings = {
				CODE_SIGN_STYLE = Automatic;
				CURRENT_PROJECT_VERSION = 1;
				DEVELOPMENT_TEAM = F27CB48XW2;
				GENERATE_INFOPLIST_FILE = YES;
				MARKETING_VERSION = 1.0;
				PRODUCT_BUNDLE_IDENTIFIER = bd.com.islamicguidence.prayertimeUITests;
				PRODUCT_NAME = "$(TARGET_NAME)";
				SWIFT_EMIT_LOC_STRINGS = NO;
				SWIFT_VERSION = 5.0;
				TEST_TARGET_NAME = prayertime;
			};
			name = Debug;
		};
		80C8001B2CE7BC4700CDC57E /* Release */ = {
			isa = XCBuildConfiguration;
			buildSettings = {
				CODE_SIGN_STYLE = Automatic;
				CURRENT_PROJECT_VERSION = 1;
				DEVELOPMENT_TEAM = F27CB48XW2;
				GENERATE_INFOPLIST_FILE = YES;
				MARKETING_VERSION = 1.0;
				PRODUCT_BUNDLE_IDENTIFIER = bd.com.islamicguidence.prayertimeUITests;
				PRODUCT_NAME = "$(TARGET_NAME)";
				SWIFT_EMIT_LOC_STRINGS = NO;
				SWIFT_VERSION = 5.0;
				TEST_TARGET_NAME = prayertime;
			};
			name = Release;
		};
/* End XCBuildConfiguration section */

/* Begin XCConfigurationList section */
		80C800132CE7BC4700CDC57E /* Build configuration list for PBXNativeTarget "prayertime" */ = {
			isa = XCConfigurationList;
			buildConfigurations = (
				80C800142CE7BC4700CDC57E /* Debug */,
				80C800152CE7BC4700CDC57E /* Release */,
			);
			defaultConfigurationIsVisible = 0;
			defaultConfigurationName = Release;
		};
		80C800162CE7BC4700CDC57E /* Build configuration list for PBXNativeTarget "prayertimeTests" */ = {
			isa = XCConfigurationList;
			buildConfigurations = (
				80C800172CE7BC4700CDC57E /* Debug */,
				80C800182CE7BC4700CDC57E /* Release */,
			);
			defaultConfigurationIsVisible = 0;
			defaultConfigurationName = Release;
		};
		80C800192CE7BC4700CDC57E /* Build configuration list for PBXNativeTarget "prayertimeUITests" */ = {
			isa = XCConfigurationList;
			buildConfigurations = (
				80C8001A2CE7BC4700CDC57E /* Debug */,
				80C8001B2CE7BC4700CDC57E /* Release */,
			);
			defaultConfigurationIsVisible = 0;
			defaultConfigurationName = Release;
		};
		80C8FFE92CE7BC4500CDC57E /* Build configuration list for PBXProject "prayertime" */ = {
			isa = XCConfigurationList;
			buildConfigurations = (
				80C800112CE7BC4700CDC57E /* Debug */,
				80C800122CE7BC4700CDC57E /* Release */,
			);
			defaultConfigurationIsVisible = 0;
			defaultConfigurationName = Release;
		};
/* End XCConfigurationList section */
	};
	rootObject = 80C8FFE62CE7BC4500CDC57E /* Project object */;
}
